
Microsoft Visual Studio Solution File, Format Version 12.00
# Visual Studio Version 16
VisualStudioVersion = 16.0.30204.135
MinimumVisualStudioVersion = 10.0.40219.1
Project("{FAE04EC0-301F-11D3-BF4B-00C04F79EFBC}") = "дроби", "дроби\дроби.csproj", "{F7105997-1A24-407A-AA25-275A250D9927}"
EndProject
Global
	GlobalSection(SolutionConfigurationPlatforms) = preSolution
		Debug|Any CPU = Debug|Any CPU
		Release|Any CPU = Release|Any CPU
	EndGlobalSection
	GlobalSection(ProjectConfigurationPlatforms) = postSolution
		{F7105997-1A24-407A-AA25-275A250D9927}.Debug|Any CPU.ActiveCfg = Debug|Any CPU
		{F7105997-1A24-407A-AA25-275A250D9927}.Debug|Any CPU.Build.0 = Debug|Any CPU
		{F7105997-1A24-407A-AA25-275A250D9927}.Release|Any CPU.ActiveCfg = Release|Any CPU
		{F7105997-1A24-407A-AA25-275A250D9927}.Release|Any CPU.Build.0 = Release|Any CPU
	EndGlobalSection
	GlobalSection(SolutionProperties) = preSolution
		HideSolutionNode = FALSE
	EndGlobalSection
	GlobalSection(ExtensibilityGlobals) = postSolution
		SolutionGuid = {5C5B7A22-2118-4583-9A80-0D948DB17BA4}
	EndGlobalSection
EndGlobal
